// !$*UTF8*$!
{
	archiveVersion = 1;
	classes = {
	};
	objectVersion = 48;
	objects = {

/* Begin PBXBuildFile section */
		4D8F403821056F1F005BFFB4 /* ic_right_rotate@2x.png in Resources */ = {isa = PBXBuildFile; fileRef = 4D8F402721056F1E005BFFB4 /* ic_right_rotate@2x.png */; };
		4D8F403921056F1F005BFFB4 /* album_btn@2x.png in Resources */ = {isa = PBXBuildFile; fileRef = 4D8F402821056F1E005BFFB4 /* album_btn@2x.png */; };
		4D8F403A21056F1F005BFFB4 /* MDEditPhotoViewController.xib in Resources */ = {isa = PBXBuildFile; fileRef = 4D8F402921056F1E005BFFB4 /* MDEditPhotoViewController.xib */; };
		4D8F403B21056F1F005BFFB4 /* ic_left_rotate@2x.png in Resources */ = {isa = PBXBuildFile; fileRef = 4D8F402A21056F1E005BFFB4 /* ic_left_rotate@2x.png */; };
		4D8F403C21056F1F005BFFB4 /* MDEditPhotoViewController.m in Sources */ = {isa = PBXBuildFile; fileRef = 4D8F402B21056F1E005BFFB4 /* MDEditPhotoViewController.m */; };
		4D8F403D21056F1F005BFFB4 /* CLClippingTool.m in Sources */ = {isa = PBXBuildFile; fileRef = 4D8F402F21056F1E005BFFB4 /* CLClippingTool.m */; };
		4D8F403E21056F1F005BFFB4 /* CLImageToolBase.m in Sources */ = {isa = PBXBuildFile; fileRef = 4D8F403021056F1E005BFFB4 /* CLImageToolBase.m */; };
		4D8F403F21056F1F005BFFB4 /* MDEditPhotoView.m in Sources */ = {isa = PBXBuildFile; fileRef = 4D8F403321056F1E005BFFB4 /* MDEditPhotoView.m */; };
		4D8F404021056F1F005BFFB4 /* MDCropImageView.m in Sources */ = {isa = PBXBuildFile; fileRef = 4D8F403421056F1E005BFFB4 /* MDCropImageView.m */; };
		4D8F404121056F1F005BFFB4 /* MDEditPhotoBottomView.m in Sources */ = {isa = PBXBuildFile; fileRef = 4D8F403521056F1E005BFFB4 /* MDEditPhotoBottomView.m */; };
		4D8F405E21056FC8005BFFB4 /* UIDevice+Extension.m in Sources */ = {isa = PBXBuildFile; fileRef = 4D8F404621056FC6005BFFB4 /* UIDevice+Extension.m */; };
		4D8F405F21056FC8005BFFB4 /* MDExtension.m in Sources */ = {isa = PBXBuildFile; fileRef = 4D8F404821056FC6005BFFB4 /* MDExtension.m */; };
		4D8F406021056FC8005BFFB4 /* UIView+ Extension.m in Sources */ = {isa = PBXBuildFile; fileRef = 4D8F404921056FC6005BFFB4 /* UIView+ Extension.m */; };
		4D8F406121056FC8005BFFB4 /* UIView+Frame.m in Sources */ = {isa = PBXBuildFile; fileRef = 4D8F404B21056FC6005BFFB4 /* UIView+Frame.m */; };
		4D8F406221056FC8005BFFB4 /* UIColor+Extension.m in Sources */ = {isa = PBXBuildFile; fileRef = 4D8F404E21056FC7005BFFB4 /* UIColor+Extension.m */; };
		4D8F406321056FC8005BFFB4 /* UIImage+Extension.m in Sources */ = {isa = PBXBuildFile; fileRef = 4D8F404F21056FC7005BFFB4 /* UIImage+Extension.m */; };
		4D8F406421056FC8005BFFB4 /* UIAlertView+Blocks.m in Sources */ = {isa = PBXBuildFile; fileRef = 4D8F405221056FC7005BFFB4 /* UIAlertView+Blocks.m */; };
		4D8F406521056FC8005BFFB4 /* NSDictionary+Extension.m in Sources */ = {isa = PBXBuildFile; fileRef = 4D8F405321056FC7005BFFB4 /* NSDictionary+Extension.m */; };
		4D8F406621056FC8005BFFB4 /* UIImageView+Extension.m in Sources */ = {isa = PBXBuildFile; fileRef = 4D8F405521056FC7005BFFB4 /* UIImageView+Extension.m */; };
		4D8F406721056FC8005BFFB4 /* UIViewController+Extension.m in Sources */ = {isa = PBXBuildFile; fileRef = 4D8F405721056FC7005BFFB4 /* UIViewController+Extension.m */; };
		4D8F406821056FC8005BFFB4 /* NSString+Additions.m in Sources */ = {isa = PBXBuildFile; fileRef = 4D8F405B21056FC7005BFFB4 /* NSString+Additions.m */; };
		4D8F406921056FC8005BFFB4 /* UIActionSheet+Blocks.m in Sources */ = {isa = PBXBuildFile; fileRef = 4D8F405D21056FC8005BFFB4 /* UIActionSheet+Blocks.m */; };
		4D8F407E2105820F005BFFB4 /* MDCameraCoverView.m in Sources */ = {isa = PBXBuildFile; fileRef = 4D8F407C2105820F005BFFB4 /* MDCameraCoverView.m */; };
		4D8F40802105824D005BFFB4 /* CameraCover.xib in Resources */ = {isa = PBXBuildFile; fileRef = 4D8F407F2105824D005BFFB4 /* CameraCover.xib */; };
		75DF752FE17C4ACA175A57BA /* libPods-ABCPaitiDemo.a in Frameworks */ = {isa = PBXBuildFile; fileRef = B9CEE15879BF799CEBE42F56 /* libPods-ABCPaitiDemo.a */; };
		D705E1C7205E1E5100F30C60 /* config.xml in Resources */ = {isa = PBXBuildFile; fileRef = D705E1C6205E1E5100F30C60 /* config.xml */; };
		D705E207205E1EC700F30C60 /* www in Resources */ = {isa = PBXBuildFile; fileRef = D705E206205E1EC600F30C60 /* www */; };
		D72723DA205D83BB0071A59E /* AppDelegate.m in Sources */ = {isa = PBXBuildFile; fileRef = D72723D9205D83BB0071A59E /* AppDelegate.m */; };
		D72723E0205D83BB0071A59E /* Main.storyboard in Resources */ = {isa = PBXBuildFile; fileRef = D72723DE205D83BB0071A59E /* Main.storyboard */; };
		D72723E2205D83BB0071A59E /* Assets.xcassets in Resources */ = {isa = PBXBuildFile; fileRef = D72723E1205D83BB0071A59E /* Assets.xcassets */; };
		D72723E5205D83BB0071A59E /* LaunchScreen.storyboard in Resources */ = {isa = PBXBuildFile; fileRef = D72723E3205D83BB0071A59E /* LaunchScreen.storyboard */; };
		D72723E8205D83BB0071A59E /* main.m in Sources */ = {isa = PBXBuildFile; fileRef = D72723E7205D83BB0071A59E /* main.m */; };
		D72723F2205D83BB0071A59E /* ABCPaitiDemoTests.m in Sources */ = {isa = PBXBuildFile; fileRef = D72723F1205D83BB0071A59E /* ABCPaitiDemoTests.m */; };
		D72723FD205D83BB0071A59E /* ABCPaitiDemoUITests.m in Sources */ = {isa = PBXBuildFile; fileRef = D72723FC205D83BB0071A59E /* ABCPaitiDemoUITests.m */; };
		D7B8D3102080EAB10073E2BF /* ABCQuestionPlugin.m in Sources */ = {isa = PBXBuildFile; fileRef = D7B8D30F2080EAB10073E2BF /* ABCQuestionPlugin.m */; };
		D7B8D31F2080F84B0073E2BF /* ABCAnswerMo.m in Sources */ = {isa = PBXBuildFile; fileRef = D7B8D3132080F84B0073E2BF /* ABCAnswerMo.m */; };
		D7B8D3202080F84B0073E2BF /* ABCQuestionMo.m in Sources */ = {isa = PBXBuildFile; fileRef = D7B8D3162080F84B0073E2BF /* ABCQuestionMo.m */; };
		D7B8D3212080F84B0073E2BF /* ABCQuestionAnswersMo.m in Sources */ = {isa = PBXBuildFile; fileRef = D7B8D3172080F84B0073E2BF /* ABCQuestionAnswersMo.m */; };
		D7B8D3222080F84B0073E2BF /* ViewController.m in Sources */ = {isa = PBXBuildFile; fileRef = D7B8D31B2080F84B0073E2BF /* ViewController.m */; };
		D7B8D3232080F84B0073E2BF /* DemoCameraViewController.m in Sources */ = {isa = PBXBuildFile; fileRef = D7B8D31C2080F84B0073E2BF /* DemoCameraViewController.m */; };
		D7B8D3242080F84B0073E2BF /* ABCQuestionDetailViewController.m in Sources */ = {isa = PBXBuildFile; fileRef = D7B8D31D2080F84B0073E2BF /* ABCQuestionDetailViewController.m */; };
/* End PBXBuildFile section */

/* Begin PBXContainerItemProxy section */
		D72723EE205D83BB0071A59E /* PBXContainerItemProxy */ = {
			isa = PBXContainerItemProxy;
			containerPortal = D72723CD205D83BB0071A59E /* Project object */;
			proxyType = 1;
			remoteGlobalIDString = D72723D4205D83BB0071A59E;
			remoteInfo = ABCPaitiDemo;
		};
		D72723F9205D83BB0071A59E /* PBXContainerItemProxy */ = {
			isa = PBXContainerItemProxy;
			containerPortal = D72723CD205D83BB0071A59E /* Project object */;
			proxyType = 1;
			remoteGlobalIDString = D72723D4205D83BB0071A59E;
			remoteInfo = ABCPaitiDemo;
		};
/* End PBXContainerItemProxy section */

/* Begin PBXCopyFilesBuildPhase section */
		D712B566207F3F4A006526A6 /* Embed Frameworks */ = {
			isa = PBXCopyFilesBuildPhase;
			buildActionMask = 2147483647;
			dstPath = "";
			dstSubfolderSpec = 10;
			files = (
			);
			name = "Embed Frameworks";
			runOnlyForDeploymentPostprocessing = 0;
		};
/* End PBXCopyFilesBuildPhase section */

/* Begin PBXFileReference section */
		4D8F402521056F1E005BFFB4 /* MDEditPhotoViewController.h */ = {isa = PBXFileReference; fileEncoding = 4; lastKnownFileType = sourcecode.c.h; path = MDEditPhotoViewController.h; sourceTree = "<group>"; };
		4D8F402721056F1E005BFFB4 /* ic_right_rotate@2x.png */ = {isa = PBXFileReference; lastKnownFileType = image.png; path = "ic_right_rotate@2x.png"; sourceTree = "<group>"; };
		4D8F402821056F1E005BFFB4 /* album_btn@2x.png */ = {isa = PBXFileReference; lastKnownFileType = image.png; path = "album_btn@2x.png"; sourceTree = "<group>"; };
		4D8F402921056F1E005BFFB4 /* MDEditPhotoViewController.xib */ = {isa = PBXFileReference; fileEncoding = 4; lastKnownFileType = file.xib; path = MDEditPhotoViewController.xib; sourceTree = "<group>"; };
		4D8F402A21056F1E005BFFB4 /* ic_left_rotate@2x.png */ = {isa = PBXFileReference; lastKnownFileType = image.png; path = "ic_left_rotate@2x.png"; sourceTree = "<group>"; };
		4D8F402B21056F1E005BFFB4 /* MDEditPhotoViewController.m */ = {isa = PBXFileReference; fileEncoding = 4; lastKnownFileType = sourcecode.c.objc; path = MDEditPhotoViewController.m; sourceTree = "<group>"; };
		4D8F402E21056F1E005BFFB4 /* CLClippingTool.h */ = {isa = PBXFileReference; fileEncoding = 4; lastKnownFileType = sourcecode.c.h; path = CLClippingTool.h; sourceTree = "<group>"; };
		4D8F402F21056F1E005BFFB4 /* CLClippingTool.m */ = {isa = PBXFileReference; fileEncoding = 4; lastKnownFileType = sourcecode.c.objc; path = CLClippingTool.m; sourceTree = "<group>"; };
		4D8F403021056F1E005BFFB4 /* CLImageToolBase.m */ = {isa = PBXFileReference; fileEncoding = 4; lastKnownFileType = sourcecode.c.objc; path = CLImageToolBase.m; sourceTree = "<group>"; };
		4D8F403121056F1E005BFFB4 /* MDEditPhotoBottomView.h */ = {isa = PBXFileReference; fileEncoding = 4; lastKnownFileType = sourcecode.c.h; path = MDEditPhotoBottomView.h; sourceTree = "<group>"; };
		4D8F403221056F1E005BFFB4 /* MDCropImageView.h */ = {isa = PBXFileReference; fileEncoding = 4; lastKnownFileType = sourcecode.c.h; path = MDCropImageView.h; sourceTree = "<group>"; };
		4D8F403321056F1E005BFFB4 /* MDEditPhotoView.m */ = {isa = PBXFileReference; fileEncoding = 4; lastKnownFileType = sourcecode.c.objc; path = MDEditPhotoView.m; sourceTree = "<group>"; };
		4D8F403421056F1E005BFFB4 /* MDCropImageView.m */ = {isa = PBXFileReference; fileEncoding = 4; lastKnownFileType = sourcecode.c.objc; path = MDCropImageView.m; sourceTree = "<group>"; };
		4D8F403521056F1E005BFFB4 /* MDEditPhotoBottomView.m */ = {isa = PBXFileReference; fileEncoding = 4; lastKnownFileType = sourcecode.c.objc; path = MDEditPhotoBottomView.m; sourceTree = "<group>"; };
		4D8F403621056F1E005BFFB4 /* CLImageToolBase.h */ = {isa = PBXFileReference; fileEncoding = 4; lastKnownFileType = sourcecode.c.h; path = CLImageToolBase.h; sourceTree = "<group>"; };
		4D8F403721056F1E005BFFB4 /* MDEditPhotoView.h */ = {isa = PBXFileReference; fileEncoding = 4; lastKnownFileType = sourcecode.c.h; path = MDEditPhotoView.h; sourceTree = "<group>"; };
		4D8F404621056FC6005BFFB4 /* UIDevice+Extension.m */ = {isa = PBXFileReference; fileEncoding = 4; lastKnownFileType = sourcecode.c.objc; path = "UIDevice+Extension.m"; sourceTree = "<group>"; };
		4D8F404721056FC6005BFFB4 /* NSDictionary+Extension.h */ = {isa = PBXFileReference; fileEncoding = 4; lastKnownFileType = sourcecode.c.h; path = "NSDictionary+Extension.h"; sourceTree = "<group>"; };
		4D8F404821056FC6005BFFB4 /* MDExtension.m */ = {isa = PBXFileReference; fileEncoding = 4; lastKnownFileType = sourcecode.c.objc; path = MDExtension.m; sourceTree = "<group>"; };
		4D8F404921056FC6005BFFB4 /* UIView+ Extension.m */ = {isa = PBXFileReference; fileEncoding = 4; lastKnownFileType = sourcecode.c.objc; path = "UIView+ Extension.m"; sourceTree = "<group>"; };
		4D8F404A21056FC6005BFFB4 /* UIActionSheet+Blocks.h */ = {isa = PBXFileReference; fileEncoding = 4; lastKnownFileType = sourcecode.c.h; path = "UIActionSheet+Blocks.h"; sourceTree = "<group>"; };
		4D8F404B21056FC6005BFFB4 /* UIView+Frame.m */ = {isa = PBXFileReference; fileEncoding = 4; lastKnownFileType = sourcecode.c.objc; path = "UIView+Frame.m"; sourceTree = "<group>"; };
		4D8F404C21056FC7005BFFB4 /* UIView+Frame.h */ = {isa = PBXFileReference; fileEncoding = 4; lastKnownFileType = sourcecode.c.h; path = "UIView+Frame.h"; sourceTree = "<group>"; };
		4D8F404D21056FC7005BFFB4 /* UIImage+Extension.h */ = {isa = PBXFileReference; fileEncoding = 4; lastKnownFileType = sourcecode.c.h; path = "UIImage+Extension.h"; sourceTree = "<group>"; };
		4D8F404E21056FC7005BFFB4 /* UIColor+Extension.m */ = {isa = PBXFileReference; fileEncoding = 4; lastKnownFileType = sourcecode.c.objc; path = "UIColor+Extension.m"; sourceTree = "<group>"; };
		4D8F404F21056FC7005BFFB4 /* UIImage+Extension.m */ = {isa = PBXFileReference; fileEncoding = 4; lastKnownFileType = sourcecode.c.objc; path = "UIImage+Extension.m"; sourceTree = "<group>"; };
		4D8F405021056FC7005BFFB4 /* UIColor+Extension.h */ = {isa = PBXFileReference; fileEncoding = 4; lastKnownFileType = sourcecode.c.h; path = "UIColor+Extension.h"; sourceTree = "<group>"; };
		4D8F405121056FC7005BFFB4 /* MDExtension.h */ = {isa = PBXFileReference; fileEncoding = 4; lastKnownFileType = sourcecode.c.h; path = MDExtension.h; sourceTree = "<group>"; };
		4D8F405221056FC7005BFFB4 /* UIAlertView+Blocks.m */ = {isa = PBXFileReference; fileEncoding = 4; lastKnownFileType = sourcecode.c.objc; path = "UIAlertView+Blocks.m"; sourceTree = "<group>"; };
		4D8F405321056FC7005BFFB4 /* NSDictionary+Extension.m */ = {isa = PBXFileReference; fileEncoding = 4; lastKnownFileType = sourcecode.c.objc; path = "NSDictionary+Extension.m"; sourceTree = "<group>"; };
		4D8F405421056FC7005BFFB4 /* UIDevice+Extension.h */ = {isa = PBXFileReference; fileEncoding = 4; lastKnownFileType = sourcecode.c.h; path = "UIDevice+Extension.h"; sourceTree = "<group>"; };
		4D8F405521056FC7005BFFB4 /* UIImageView+Extension.m */ = {isa = PBXFileReference; fileEncoding = 4; lastKnownFileType = sourcecode.c.objc; path = "UIImageView+Extension.m"; sourceTree = "<group>"; };
		4D8F405621056FC7005BFFB4 /* UIViewController+Extension.h */ = {isa = PBXFileReference; fileEncoding = 4; lastKnownFileType = sourcecode.c.h; path = "UIViewController+Extension.h"; sourceTree = "<group>"; };
		4D8F405721056FC7005BFFB4 /* UIViewController+Extension.m */ = {isa = PBXFileReference; fileEncoding = 4; lastKnownFileType = sourcecode.c.objc; path = "UIViewController+Extension.m"; sourceTree = "<group>"; };
		4D8F405821056FC7005BFFB4 /* NSString+Additions.h */ = {isa = PBXFileReference; fileEncoding = 4; lastKnownFileType = sourcecode.c.h; path = "NSString+Additions.h"; sourceTree = "<group>"; };
		4D8F405921056FC7005BFFB4 /* UIAlertView+Blocks.h */ = {isa = PBXFileReference; fileEncoding = 4; lastKnownFileType = sourcecode.c.h; path = "UIAlertView+Blocks.h"; sourceTree = "<group>"; };
		4D8F405A21056FC7005BFFB4 /* UIImageView+Extension.h */ = {isa = PBXFileReference; fileEncoding = 4; lastKnownFileType = sourcecode.c.h; path = "UIImageView+Extension.h"; sourceTree = "<group>"; };
		4D8F405B21056FC7005BFFB4 /* NSString+Additions.m */ = {isa = PBXFileReference; fileEncoding = 4; lastKnownFileType = sourcecode.c.objc; path = "NSString+Additions.m"; sourceTree = "<group>"; };
		4D8F405C21056FC8005BFFB4 /* UIView+Extension.h */ = {isa = PBXFileReference; fileEncoding = 4; lastKnownFileType = sourcecode.c.h; path = "UIView+Extension.h"; sourceTree = "<group>"; };
		4D8F405D21056FC8005BFFB4 /* UIActionSheet+Blocks.m */ = {isa = PBXFileReference; fileEncoding = 4; lastKnownFileType = sourcecode.c.objc; path = "UIActionSheet+Blocks.m"; sourceTree = "<group>"; };
		4D8F406B2105711B005BFFB4 /* ABCPaitiDemo-prefix.pch */ = {isa = PBXFileReference; fileEncoding = 4; lastKnownFileType = sourcecode.c.h; name = "ABCPaitiDemo-prefix.pch"; path = "ABCPaitiDemo/ABCPaitiDemo-prefix.pch"; sourceTree = "<group>"; };
		4D8F407C2105820F005BFFB4 /* MDCameraCoverView.m */ = {isa = PBXFileReference; fileEncoding = 4; lastKnownFileType = sourcecode.c.objc; path = MDCameraCoverView.m; sourceTree = "<group>"; };
		4D8F407D2105820F005BFFB4 /* MDCameraCoverView.h */ = {isa = PBXFileReference; fileEncoding = 4; lastKnownFileType = sourcecode.c.h; path = MDCameraCoverView.h; sourceTree = "<group>"; };
		4D8F407F2105824D005BFFB4 /* CameraCover.xib */ = {isa = PBXFileReference; fileEncoding = 4; lastKnownFileType = file.xib; path = CameraCover.xib; sourceTree = "<group>"; };
		5847B4ADEE445319346EEEE2 /* Pods-ABCPaitiDemo.release.xcconfig */ = {isa = PBXFileReference; includeInIndex = 1; lastKnownFileType = text.xcconfig; name = "Pods-ABCPaitiDemo.release.xcconfig"; path = "../Pods/Target Support Files/Pods-ABCPaitiDemo/Pods-ABCPaitiDemo.release.xcconfig"; sourceTree = "<group>"; };
		B9CEE15879BF799CEBE42F56 /* libPods-ABCPaitiDemo.a */ = {isa = PBXFileReference; explicitFileType = archive.ar; includeInIndex = 0; path = "libPods-ABCPaitiDemo.a"; sourceTree = BUILT_PRODUCTS_DIR; };
		C60B61292F7CDE00E40A51AA /* Pods-ABCPaitiDemo.debug.xcconfig */ = {isa = PBXFileReference; includeInIndex = 1; lastKnownFileType = text.xcconfig; name = "Pods-ABCPaitiDemo.debug.xcconfig"; path = "../Pods/Target Support Files/Pods-ABCPaitiDemo/Pods-ABCPaitiDemo.debug.xcconfig"; sourceTree = "<group>"; };
		D705E1C6205E1E5100F30C60 /* config.xml */ = {isa = PBXFileReference; fileEncoding = 4; lastKnownFileType = text.xml; path = config.xml; sourceTree = "<group>"; };
		D705E206205E1EC600F30C60 /* www */ = {isa = PBXFileReference; lastKnownFileType = folder; path = www; sourceTree = "<group>"; };
		D72723D5205D83BB0071A59E /* ABCPaitiDemo.app */ = {isa = PBXFileReference; explicitFileType = wrapper.application; includeInIndex = 0; path = ABCPaitiDemo.app; sourceTree = BUILT_PRODUCTS_DIR; };
		D72723D8205D83BB0071A59E /* AppDelegate.h */ = {isa = PBXFileReference; lastKnownFileType = sourcecode.c.h; path = AppDelegate.h; sourceTree = "<group>"; };
		D72723D9205D83BB0071A59E /* AppDelegate.m */ = {isa = PBXFileReference; lastKnownFileType = sourcecode.c.objc; path = AppDelegate.m; sourceTree = "<group>"; };
		D72723DF205D83BB0071A59E /* Base */ = {isa = PBXFileReference; lastKnownFileType = file.storyboard; name = Base; path = Base.lproj/Main.storyboard; sourceTree = "<group>"; };
		D72723E1205D83BB0071A59E /* Assets.xcassets */ = {isa = PBXFileReference; lastKnownFileType = folder.assetcatalog; path = Assets.xcassets; sourceTree = "<group>"; };
		D72723E4205D83BB0071A59E /* Base */ = {isa = PBXFileReference; lastKnownFileType = file.storyboard; name = Base; path = Base.lproj/LaunchScreen.storyboard; sourceTree = "<group>"; };
		D72723E6205D83BB0071A59E /* Info.plist */ = {isa = PBXFileReference; lastKnownFileType = text.plist.xml; path = Info.plist; sourceTree = "<group>"; };
		D72723E7205D83BB0071A59E /* main.m */ = {isa = PBXFileReference; lastKnownFileType = sourcecode.c.objc; path = main.m; sourceTree = "<group>"; };
		D72723ED205D83BB0071A59E /* ABCPaitiDemoTests.xctest */ = {isa = PBXFileReference; explicitFileType = wrapper.cfbundle; includeInIndex = 0; path = ABCPaitiDemoTests.xctest; sourceTree = BUILT_PRODUCTS_DIR; };
		D72723F1205D83BB0071A59E /* ABCPaitiDemoTests.m */ = {isa = PBXFileReference; lastKnownFileType = sourcecode.c.objc; path = ABCPaitiDemoTests.m; sourceTree = "<group>"; };
		D72723F3205D83BB0071A59E /* Info.plist */ = {isa = PBXFileReference; lastKnownFileType = text.plist.xml; path = Info.plist; sourceTree = "<group>"; };
		D72723F8205D83BB0071A59E /* ABCPaitiDemoUITests.xctest */ = {isa = PBXFileReference; explicitFileType = wrapper.cfbundle; includeInIndex = 0; path = ABCPaitiDemoUITests.xctest; sourceTree = BUILT_PRODUCTS_DIR; };
		D72723FC205D83BB0071A59E /* ABCPaitiDemoUITests.m */ = {isa = PBXFileReference; lastKnownFileType = sourcecode.c.objc; path = ABCPaitiDemoUITests.m; sourceTree = "<group>"; };
		D72723FE205D83BB0071A59E /* Info.plist */ = {isa = PBXFileReference; lastKnownFileType = text.plist.xml; path = Info.plist; sourceTree = "<group>"; };
		D7B8D30A2080E92A0073E2BF /* ABCQuestionPlugin.h */ = {isa = PBXFileReference; fileEncoding = 4; lastKnownFileType = sourcecode.c.h; path = ABCQuestionPlugin.h; sourceTree = "<group>"; };
		D7B8D30F2080EAB10073E2BF /* ABCQuestionPlugin.m */ = {isa = PBXFileReference; fileEncoding = 4; lastKnownFileType = sourcecode.c.objc; path = ABCQuestionPlugin.m; sourceTree = "<group>"; };
		D7B8D3122080F84B0073E2BF /* ABCQuestionMo.h */ = {isa = PBXFileReference; fileEncoding = 4; lastKnownFileType = sourcecode.c.h; path = ABCQuestionMo.h; sourceTree = "<group>"; };
		D7B8D3132080F84B0073E2BF /* ABCAnswerMo.m */ = {isa = PBXFileReference; fileEncoding = 4; lastKnownFileType = sourcecode.c.objc; path = ABCAnswerMo.m; sourceTree = "<group>"; };
		D7B8D3142080F84B0073E2BF /* ABCQuestionAnswersMo.h */ = {isa = PBXFileReference; fileEncoding = 4; lastKnownFileType = sourcecode.c.h; path = ABCQuestionAnswersMo.h; sourceTree = "<group>"; };
		D7B8D3152080F84B0073E2BF /* ABCAnswerMo.h */ = {isa = PBXFileReference; fileEncoding = 4; lastKnownFileType = sourcecode.c.h; path = ABCAnswerMo.h; sourceTree = "<group>"; };
		D7B8D3162080F84B0073E2BF /* ABCQuestionMo.m */ = {isa = PBXFileReference; fileEncoding = 4; lastKnownFileType = sourcecode.c.objc; path = ABCQuestionMo.m; sourceTree = "<group>"; };
		D7B8D3172080F84B0073E2BF /* ABCQuestionAnswersMo.m */ = {isa = PBXFileReference; fileEncoding = 4; lastKnownFileType = sourcecode.c.objc; path = ABCQuestionAnswersMo.m; sourceTree = "<group>"; };
		D7B8D3192080F84B0073E2BF /* DemoCameraViewController.h */ = {isa = PBXFileReference; fileEncoding = 4; lastKnownFileType = sourcecode.c.h; path = DemoCameraViewController.h; sourceTree = "<group>"; };
		D7B8D31A2080F84B0073E2BF /* ABCQuestionDetailViewController.h */ = {isa = PBXFileReference; fileEncoding = 4; lastKnownFileType = sourcecode.c.h; path = ABCQuestionDetailViewController.h; sourceTree = "<group>"; };
		D7B8D31B2080F84B0073E2BF /* ViewController.m */ = {isa = PBXFileReference; fileEncoding = 4; lastKnownFileType = sourcecode.c.objc; path = ViewController.m; sourceTree = "<group>"; };
		D7B8D31C2080F84B0073E2BF /* DemoCameraViewController.m */ = {isa = PBXFileReference; fileEncoding = 4; lastKnownFileType = sourcecode.c.objc; path = DemoCameraViewController.m; sourceTree = "<group>"; };
		D7B8D31D2080F84B0073E2BF /* ABCQuestionDetailViewController.m */ = {isa = PBXFileReference; fileEncoding = 4; lastKnownFileType = sourcecode.c.objc; path = ABCQuestionDetailViewController.m; sourceTree = "<group>"; };
		D7B8D31E2080F84B0073E2BF /* ViewController.h */ = {isa = PBXFileReference; fileEncoding = 4; lastKnownFileType = sourcecode.c.h; path = ViewController.h; sourceTree = "<group>"; };
/* End PBXFileReference section */

/* Begin PBXFrameworksBuildPhase section */
		D72723D2205D83BB0071A59E /* Frameworks */ = {
			isa = PBXFrameworksBuildPhase;
			buildActionMask = 2147483647;
			files = (
				75DF752FE17C4ACA175A57BA /* libPods-ABCPaitiDemo.a in Frameworks */,
			);
			runOnlyForDeploymentPostprocessing = 0;
		};
		D72723EA205D83BB0071A59E /* Frameworks */ = {
			isa = PBXFrameworksBuildPhase;
			buildActionMask = 2147483647;
			files = (
			);
			runOnlyForDeploymentPostprocessing = 0;
		};
		D72723F5205D83BB0071A59E /* Frameworks */ = {
			isa = PBXFrameworksBuildPhase;
			buildActionMask = 2147483647;
			files = (
			);
			runOnlyForDeploymentPostprocessing = 0;
		};
/* End PBXFrameworksBuildPhase section */

/* Begin PBXGroup section */
		27AC4E6AED06F7A55AC3FADD /* Frameworks */ = {
			isa = PBXGroup;
			children = (
				B9CEE15879BF799CEBE42F56 /* libPods-ABCPaitiDemo.a */,
			);
			name = Frameworks;
			sourceTree = "<group>";
		};
		4D8F402421056F1E005BFFB4 /* Edit */ = {
			isa = PBXGroup;
			children = (
				4D8F402521056F1E005BFFB4 /* MDEditPhotoViewController.h */,
				4D8F402B21056F1E005BFFB4 /* MDEditPhotoViewController.m */,
				4D8F402621056F1E005BFFB4 /* Resources */,
				4D8F402C21056F1E005BFFB4 /* Views */,
			);
			path = Edit;
			sourceTree = "<group>";
		};
		4D8F402621056F1E005BFFB4 /* Resources */ = {
			isa = PBXGroup;
			children = (
				4D8F402721056F1E005BFFB4 /* ic_right_rotate@2x.png */,
				4D8F402821056F1E005BFFB4 /* album_btn@2x.png */,
				4D8F402921056F1E005BFFB4 /* MDEditPhotoViewController.xib */,
				4D8F402A21056F1E005BFFB4 /* ic_left_rotate@2x.png */,
			);
			path = Resources;
			sourceTree = "<group>";
		};
		4D8F402C21056F1E005BFFB4 /* Views */ = {
			isa = PBXGroup;
			children = (
				4D8F407F2105824D005BFFB4 /* CameraCover.xib */,
				4D8F407D2105820F005BFFB4 /* MDCameraCoverView.h */,
				4D8F407C2105820F005BFFB4 /* MDCameraCoverView.m */,
				4D8F402D21056F1E005BFFB4 /* CLClippingTool */,
				4D8F403621056F1E005BFFB4 /* CLImageToolBase.h */,
				4D8F403021056F1E005BFFB4 /* CLImageToolBase.m */,
				4D8F403221056F1E005BFFB4 /* MDCropImageView.h */,
				4D8F403421056F1E005BFFB4 /* MDCropImageView.m */,
				4D8F403121056F1E005BFFB4 /* MDEditPhotoBottomView.h */,
				4D8F403521056F1E005BFFB4 /* MDEditPhotoBottomView.m */,
				4D8F403721056F1E005BFFB4 /* MDEditPhotoView.h */,
				4D8F403321056F1E005BFFB4 /* MDEditPhotoView.m */,
			);
			path = Views;
			sourceTree = "<group>";
		};
		4D8F402D21056F1E005BFFB4 /* CLClippingTool */ = {
			isa = PBXGroup;
			children = (
				4D8F402E21056F1E005BFFB4 /* CLClippingTool.h */,
				4D8F402F21056F1E005BFFB4 /* CLClippingTool.m */,
			);
			path = CLClippingTool;
			sourceTree = "<group>";
		};
		4D8F404221056F9E005BFFB4 /* Categories */ = {
			isa = PBXGroup;
			children = (
				4D8F405121056FC7005BFFB4 /* MDExtension.h */,
				4D8F404821056FC6005BFFB4 /* MDExtension.m */,
				4D8F404721056FC6005BFFB4 /* NSDictionary+Extension.h */,
				4D8F405321056FC7005BFFB4 /* NSDictionary+Extension.m */,
				4D8F405821056FC7005BFFB4 /* NSString+Additions.h */,
				4D8F405B21056FC7005BFFB4 /* NSString+Additions.m */,
				4D8F404A21056FC6005BFFB4 /* UIActionSheet+Blocks.h */,
				4D8F405D21056FC8005BFFB4 /* UIActionSheet+Blocks.m */,
				4D8F405921056FC7005BFFB4 /* UIAlertView+Blocks.h */,
				4D8F405221056FC7005BFFB4 /* UIAlertView+Blocks.m */,
				4D8F405021056FC7005BFFB4 /* UIColor+Extension.h */,
				4D8F404E21056FC7005BFFB4 /* UIColor+Extension.m */,
				4D8F405421056FC7005BFFB4 /* UIDevice+Extension.h */,
				4D8F404621056FC6005BFFB4 /* UIDevice+Extension.m */,
				4D8F404D21056FC7005BFFB4 /* UIImage+Extension.h */,
				4D8F404F21056FC7005BFFB4 /* UIImage+Extension.m */,
				4D8F405A21056FC7005BFFB4 /* UIImageView+Extension.h */,
				4D8F405521056FC7005BFFB4 /* UIImageView+Extension.m */,
				4D8F404921056FC6005BFFB4 /* UIView+ Extension.m */,
				4D8F405C21056FC8005BFFB4 /* UIView+Extension.h */,
				4D8F404C21056FC7005BFFB4 /* UIView+Frame.h */,
				4D8F404B21056FC6005BFFB4 /* UIView+Frame.m */,
				4D8F405621056FC7005BFFB4 /* UIViewController+Extension.h */,
				4D8F405721056FC7005BFFB4 /* UIViewController+Extension.m */,
			);
			path = Categories;
			sourceTree = "<group>";
		};
		8BE6613B08A1F2D63A679963 /* Pods */ = {
			isa = PBXGroup;
			children = (
				C60B61292F7CDE00E40A51AA /* Pods-ABCPaitiDemo.debug.xcconfig */,
				5847B4ADEE445319346EEEE2 /* Pods-ABCPaitiDemo.release.xcconfig */,
			);
			name = Pods;
			sourceTree = "<group>";
		};
		D72723CC205D83BB0071A59E = {
			isa = PBXGroup;
			children = (
				4D8F406B2105711B005BFFB4 /* ABCPaitiDemo-prefix.pch */,
				D72723D7205D83BB0071A59E /* ABCPaitiDemo */,
				D72723F0205D83BB0071A59E /* ABCPaitiDemoTests */,
				D72723FB205D83BB0071A59E /* ABCPaitiDemoUITests */,
				D72723D6205D83BB0071A59E /* Products */,
				8BE6613B08A1F2D63A679963 /* Pods */,
				27AC4E6AED06F7A55AC3FADD /* Frameworks */,
			);
			sourceTree = "<group>";
		};
		D72723D6205D83BB0071A59E /* Products */ = {
			isa = PBXGroup;
			children = (
				D72723D5205D83BB0071A59E /* ABCPaitiDemo.app */,
				D72723ED205D83BB0071A59E /* ABCPaitiDemoTests.xctest */,
				D72723F8205D83BB0071A59E /* ABCPaitiDemoUITests.xctest */,
			);
			name = Products;
			sourceTree = "<group>";
		};
		D72723D7205D83BB0071A59E /* ABCPaitiDemo */ = {
			isa = PBXGroup;
			children = (
				4D8F404221056F9E005BFFB4 /* Categories */,
				4D8F402421056F1E005BFFB4 /* Edit */,
				D7B8D3112080F84A0073E2BF /* Model */,
				D7B8D3182080F84B0073E2BF /* ViewController */,
				D7B8D3082080E92A0073E2BF /* Plugin */,
				D705E206205E1EC600F30C60 /* www */,
				D705E1C6205E1E5100F30C60 /* config.xml */,
				D72723D8205D83BB0071A59E /* AppDelegate.h */,
				D72723D9205D83BB0071A59E /* AppDelegate.m */,
				D72723DE205D83BB0071A59E /* Main.storyboard */,
				D72723E1205D83BB0071A59E /* Assets.xcassets */,
				D72723E3205D83BB0071A59E /* LaunchScreen.storyboard */,
				D72723E6205D83BB0071A59E /* Info.plist */,
				D72723E7205D83BB0071A59E /* main.m */,
			);
			path = ABCPaitiDemo;
			sourceTree = "<group>";
		};
		D72723F0205D83BB0071A59E /* ABCPaitiDemoTests */ = {
			isa = PBXGroup;
			children = (
				D72723F1205D83BB0071A59E /* ABCPaitiDemoTests.m */,
				D72723F3205D83BB0071A59E /* Info.plist */,
			);
			path = ABCPaitiDemoTests;
			sourceTree = "<group>";
		};
		D72723FB205D83BB0071A59E /* ABCPaitiDemoUITests */ = {
			isa = PBXGroup;
			children = (
				D72723FC205D83BB0071A59E /* ABCPaitiDemoUITests.m */,
				D72723FE205D83BB0071A59E /* Info.plist */,
			);
			path = ABCPaitiDemoUITests;
			sourceTree = "<group>";
		};
		D7B8D3082080E92A0073E2BF /* Plugin */ = {
			isa = PBXGroup;
			children = (
				D7B8D30A2080E92A0073E2BF /* ABCQuestionPlugin.h */,
				D7B8D30F2080EAB10073E2BF /* ABCQuestionPlugin.m */,
			);
			path = Plugin;
			sourceTree = "<group>";
		};
		D7B8D3112080F84A0073E2BF /* Model */ = {
			isa = PBXGroup;
			children = (
				D7B8D3122080F84B0073E2BF /* ABCQuestionMo.h */,
				D7B8D3132080F84B0073E2BF /* ABCAnswerMo.m */,
				D7B8D3142080F84B0073E2BF /* ABCQuestionAnswersMo.h */,
				D7B8D3152080F84B0073E2BF /* ABCAnswerMo.h */,
				D7B8D3162080F84B0073E2BF /* ABCQuestionMo.m */,
				D7B8D3172080F84B0073E2BF /* ABCQuestionAnswersMo.m */,
			);
			path = Model;
			sourceTree = "<group>";
		};
		D7B8D3182080F84B0073E2BF /* ViewController */ = {
			isa = PBXGroup;
			children = (
				D7B8D3192080F84B0073E2BF /* DemoCameraViewController.h */,
				D7B8D31C2080F84B0073E2BF /* DemoCameraViewController.m */,
				D7B8D31A2080F84B0073E2BF /* ABCQuestionDetailViewController.h */,
				D7B8D31D2080F84B0073E2BF /* ABCQuestionDetailViewController.m */,
				D7B8D31E2080F84B0073E2BF /* ViewController.h */,
				D7B8D31B2080F84B0073E2BF /* ViewController.m */,
			);
			path = ViewController;
			sourceTree = "<group>";
		};
/* End PBXGroup section */

/* Begin PBXNativeTarget section */
		D72723D4205D83BB0071A59E /* ABCPaitiDemo */ = {
			isa = PBXNativeTarget;
			buildConfigurationList = D7272401205D83BB0071A59E /* Build configuration list for PBXNativeTarget "ABCPaitiDemo" */;
			buildPhases = (
				E4CAA74895C4057A7A7177A0 /* [CP] Check Pods Manifest.lock */,
				D72723D1205D83BB0071A59E /* Sources */,
				D72723D2205D83BB0071A59E /* Frameworks */,
				D72723D3205D83BB0071A59E /* Resources */,
				D712B566207F3F4A006526A6 /* Embed Frameworks */,
				71B0662D01FC8E1D69F1C515 /* [CP] Copy Pods Resources */,
				EBFA773A976BD1964730F344 /* [CP] Embed Pods Frameworks */,
			);
			buildRules = (
			);
			dependencies = (
			);
			name = ABCPaitiDemo;
			productName = ABCPaitiDemo;
			productReference = D72723D5205D83BB0071A59E /* ABCPaitiDemo.app */;
			productType = "com.apple.product-type.application";
		};
		D72723EC205D83BB0071A59E /* ABCPaitiDemoTests */ = {
			isa = PBXNativeTarget;
			buildConfigurationList = D7272404205D83BB0071A59E /* Build configuration list for PBXNativeTarget "ABCPaitiDemoTests" */;
			buildPhases = (
				D72723E9205D83BB0071A59E /* Sources */,
				D72723EA205D83BB0071A59E /* Frameworks */,
				D72723EB205D83BB0071A59E /* Resources */,
			);
			buildRules = (
			);
			dependencies = (
				D72723EF205D83BB0071A59E /* PBXTargetDependency */,
			);
			name = ABCPaitiDemoTests;
			productName = ABCPaitiDemoTests;
			productReference = D72723ED205D83BB0071A59E /* ABCPaitiDemoTests.xctest */;
			productType = "com.apple.product-type.bundle.unit-test";
		};
		D72723F7205D83BB0071A59E /* ABCPaitiDemoUITests */ = {
			isa = PBXNativeTarget;
			buildConfigurationList = D7272407205D83BB0071A59E /* Build configuration list for PBXNativeTarget "ABCPaitiDemoUITests" */;
			buildPhases = (
				D72723F4205D83BB0071A59E /* Sources */,
				D72723F5205D83BB0071A59E /* Frameworks */,
				D72723F6205D83BB0071A59E /* Resources */,
			);
			buildRules = (
			);
			dependencies = (
				D72723FA205D83BB0071A59E /* PBXTargetDependency */,
			);
			name = ABCPaitiDemoUITests;
			productName = ABCPaitiDemoUITests;
			productReference = D72723F8205D83BB0071A59E /* ABCPaitiDemoUITests.xctest */;
			productType = "com.apple.product-type.bundle.ui-testing";
		};
/* End PBXNativeTarget section */

/* Begin PBXProject section */
		D72723CD205D83BB0071A59E /* Project object */ = {
			isa = PBXProject;
			attributes = {
				LastUpgradeCheck = 0920;
				ORGANIZATIONNAME = "杭州喧喧科技有限公司";
				TargetAttributes = {
					D72723D4205D83BB0071A59E = {
						CreatedOnToolsVersion = 9.2;
						ProvisioningStyle = Manual;
					};
					D72723EC205D83BB0071A59E = {
						CreatedOnToolsVersion = 9.2;
						ProvisioningStyle = Automatic;
						TestTargetID = D72723D4205D83BB0071A59E;
					};
					D72723F7205D83BB0071A59E = {
						CreatedOnToolsVersion = 9.2;
						ProvisioningStyle = Automatic;
						TestTargetID = D72723D4205D83BB0071A59E;
					};
				};
			};
			buildConfigurationList = D72723D0205D83BB0071A59E /* Build configuration list for PBXProject "ABCPaitiDemo" */;
			compatibilityVersion = "Xcode 8.0";
			developmentRegion = en;
			hasScannedForEncodings = 0;
			knownRegions = (
				en,
				Base,
			);
			mainGroup = D72723CC205D83BB0071A59E;
			productRefGroup = D72723D6205D83BB0071A59E /* Products */;
			projectDirPath = "";
			projectRoot = "";
			targets = (
				D72723D4205D83BB0071A59E /* ABCPaitiDemo */,
				D72723EC205D83BB0071A59E /* ABCPaitiDemoTests */,
				D72723F7205D83BB0071A59E /* ABCPaitiDemoUITests */,
			);
		};
/* End PBXProject section */

/* Begin PBXResourcesBuildPhase section */
		D72723D3205D83BB0071A59E /* Resources */ = {
			isa = PBXResourcesBuildPhase;
			buildActionMask = 2147483647;
			files = (
				D705E207205E1EC700F30C60 /* www in Resources */,
				4D8F403B21056F1F005BFFB4 /* ic_left_rotate@2x.png in Resources */,
				D72723E5205D83BB0071A59E /* LaunchScreen.storyboard in Resources */,
				4D8F403921056F1F005BFFB4 /* album_btn@2x.png in Resources */,
				D72723E2205D83BB0071A59E /* Assets.xcassets in Resources */,
				D72723E0205D83BB0071A59E /* Main.storyboard in Resources */,
				4D8F40802105824D005BFFB4 /* CameraCover.xib in Resources */,
				4D8F403821056F1F005BFFB4 /* ic_right_rotate@2x.png in Resources */,
				4D8F403A21056F1F005BFFB4 /* MDEditPhotoViewController.xib in Resources */,
				D705E1C7205E1E5100F30C60 /* config.xml in Resources */,
			);
			runOnlyForDeploymentPostprocessing = 0;
		};
		D72723EB205D83BB0071A59E /* Resources */ = {
			isa = PBXResourcesBuildPhase;
			buildActionMask = 2147483647;
			files = (
			);
			runOnlyForDeploymentPostprocessing = 0;
		};
		D72723F6205D83BB0071A59E /* Resources */ = {
			isa = PBXResourcesBuildPhase;
			buildActionMask = 2147483647;
			files = (
			);
			runOnlyForDeploymentPostprocessing = 0;
		};
/* End PBXResourcesBuildPhase section */

/* Begin PBXShellScriptBuildPhase section */
		71B0662D01FC8E1D69F1C515 /* [CP] Copy Pods Resources */ = {
			isa = PBXShellScriptBuildPhase;
			buildActionMask = 2147483647;
			files = (
			);
			inputPaths = (
				"${SRCROOT}/../Pods/Target Support Files/Pods-ABCPaitiDemo/Pods-ABCPaitiDemo-resources.sh",
				"${PODS_ROOT}/BFKit/BFKit/Languages/en.lproj",
				"${PODS_ROOT}/BFKit/BFKit/Languages/id.lproj",
				"${PODS_ROOT}/BFKit/BFKit/Languages/it.lproj",
				"${PODS_ROOT}/BFKit/BFKit/Languages/ru.lproj",
				"${PODS_ROOT}/BFKit/BFKit/Languages/uk.lproj",
				"${PODS_ROOT}/BFKit/BFKit/Languages/vi.lproj",
				"${PODS_ROOT}/BFKit/BFKit/Languages/zh-Hans.lproj",
				"${PODS_ROOT}/BFKit/BFKit/Languages/zh-Hant.lproj",
				"${PODS_ROOT}/SAMKeychain/Support/SAMKeychain.bundle",
			);
			name = "[CP] Copy Pods Resources";
			outputPaths = (
				"${TARGET_BUILD_DIR}/${UNLOCALIZED_RESOURCES_FOLDER_PATH}/en.lproj",
				"${TARGET_BUILD_DIR}/${UNLOCALIZED_RESOURCES_FOLDER_PATH}/id.lproj",
				"${TARGET_BUILD_DIR}/${UNLOCALIZED_RESOURCES_FOLDER_PATH}/it.lproj",
				"${TARGET_BUILD_DIR}/${UNLOCALIZED_RESOURCES_FOLDER_PATH}/ru.lproj",
				"${TARGET_BUILD_DIR}/${UNLOCALIZED_RESOURCES_FOLDER_PATH}/uk.lproj",
				"${TARGET_BUILD_DIR}/${UNLOCALIZED_RESOURCES_FOLDER_PATH}/vi.lproj",
				"${TARGET_BUILD_DIR}/${UNLOCALIZED_RESOURCES_FOLDER_PATH}/zh-Hans.lproj",
				"${TARGET_BUILD_DIR}/${UNLOCALIZED_RESOURCES_FOLDER_PATH}/zh-Hant.lproj",
				"${TARGET_BUILD_DIR}/${UNLOCALIZED_RESOURCES_FOLDER_PATH}/SAMKeychain.bundle",
			);
			runOnlyForDeploymentPostprocessing = 0;
			shellPath = /bin/sh;
			shellScript = "\"${SRCROOT}/../Pods/Target Support Files/Pods-ABCPaitiDemo/Pods-ABCPaitiDemo-resources.sh\"\n";
			showEnvVarsInLog = 0;
		};
		E4CAA74895C4057A7A7177A0 /* [CP] Check Pods Manifest.lock */ = {
			isa = PBXShellScriptBuildPhase;
			buildActionMask = 2147483647;
			files = (
			);
			inputPaths = (
				"${PODS_PODFILE_DIR_PATH}/Podfile.lock",
				"${PODS_ROOT}/Manifest.lock",
			);
			name = "[CP] Check Pods Manifest.lock";
			outputPaths = (
				"$(DERIVED_FILE_DIR)/Pods-ABCPaitiDemo-checkManifestLockResult.txt",
			);
			runOnlyForDeploymentPostprocessing = 0;
			shellPath = /bin/sh;
			shellScript = "diff \"${PODS_PODFILE_DIR_PATH}/Podfile.lock\" \"${PODS_ROOT}/Manifest.lock\" > /dev/null\nif [ $? != 0 ] ; then\n    # print error to STDERR\n    echo \"error: The sandbox is not in sync with the Podfile.lock. Run 'pod install' or update your CocoaPods installation.\" >&2\n    exit 1\nfi\n# This output is used by Xcode 'outputs' to avoid re-running this script phase.\necho \"SUCCESS\" > \"${SCRIPT_OUTPUT_FILE_0}\"\n";
			showEnvVarsInLog = 0;
		};
		EBFA773A976BD1964730F344 /* [CP] Embed Pods Frameworks */ = {
			isa = PBXShellScriptBuildPhase;
			buildActionMask = 2147483647;
			files = (
			);
			inputPaths = (
				"${SRCROOT}/../Pods/Target Support Files/Pods-ABCPaitiDemo/Pods-ABCPaitiDemo-frameworks.sh",
				"${PODS_ROOT}/../ABCPitiSDK/ABCPaitiKit.framework",
			);
			name = "[CP] Embed Pods Frameworks";
			outputPaths = (
				"${TARGET_BUILD_DIR}/${FRAMEWORKS_FOLDER_PATH}/ABCPaitiKit.framework",
			);
			runOnlyForDeploymentPostprocessing = 0;
			shellPath = /bin/sh;
			shellScript = "\"${SRCROOT}/../Pods/Target Support Files/Pods-ABCPaitiDemo/Pods-ABCPaitiDemo-frameworks.sh\"\n";
			showEnvVarsInLog = 0;
		};
/* End PBXShellScriptBuildPhase section */

/* Begin PBXSourcesBuildPhase section */
		D72723D1205D83BB0071A59E /* Sources */ = {
			isa = PBXSourcesBuildPhase;
			buildActionMask = 2147483647;
			files = (
				D7B8D3222080F84B0073E2BF /* ViewController.m in Sources */,
				4D8F406021056FC8005BFFB4 /* UIView+ Extension.m in Sources */,
				4D8F406521056FC8005BFFB4 /* NSDictionary+Extension.m in Sources */,
				4D8F404121056F1F005BFFB4 /* MDEditPhotoBottomView.m in Sources */,
				4D8F403D21056F1F005BFFB4 /* CLClippingTool.m in Sources */,
				4D8F403F21056F1F005BFFB4 /* MDEditPhotoView.m in Sources */,
				D7B8D3242080F84B0073E2BF /* ABCQuestionDetailViewController.m in Sources */,
				4D8F405E21056FC8005BFFB4 /* UIDevice+Extension.m in Sources */,
				4D8F403E21056F1F005BFFB4 /* CLImageToolBase.m in Sources */,
				4D8F406621056FC8005BFFB4 /* UIImageView+Extension.m in Sources */,
				4D8F406121056FC8005BFFB4 /* UIView+Frame.m in Sources */,
				4D8F406321056FC8005BFFB4 /* UIImage+Extension.m in Sources */,
				4D8F406721056FC8005BFFB4 /* UIViewController+Extension.m in Sources */,
				D72723E8205D83BB0071A59E /* main.m in Sources */,
				4D8F406221056FC8005BFFB4 /* UIColor+Extension.m in Sources */,
				4D8F406921056FC8005BFFB4 /* UIActionSheet+Blocks.m in Sources */,
				D7B8D3232080F84B0073E2BF /* DemoCameraViewController.m in Sources */,
				4D8F403C21056F1F005BFFB4 /* MDEditPhotoViewController.m in Sources */,
				4D8F407E2105820F005BFFB4 /* MDCameraCoverView.m in Sources */,
				4D8F406421056FC8005BFFB4 /* UIAlertView+Blocks.m in Sources */,
				4D8F405F21056FC8005BFFB4 /* MDExtension.m in Sources */,
				D7B8D3102080EAB10073E2BF /* ABCQuestionPlugin.m in Sources */,
				4D8F406821056FC8005BFFB4 /* NSString+Additions.m in Sources */,
				4D8F404021056F1F005BFFB4 /* MDCropImageView.m in Sources */,
				D7B8D3212080F84B0073E2BF /* ABCQuestionAnswersMo.m in Sources */,
				D7B8D3202080F84B0073E2BF /* ABCQuestionMo.m in Sources */,
				D7B8D31F2080F84B0073E2BF /* ABCAnswerMo.m in Sources */,
				D72723DA205D83BB0071A59E /* AppDelegate.m in Sources */,
			);
			runOnlyForDeploymentPostprocessing = 0;
		};
		D72723E9205D83BB0071A59E /* Sources */ = {
			isa = PBXSourcesBuildPhase;
			buildActionMask = 2147483647;
			files = (
				D72723F2205D83BB0071A59E /* ABCPaitiDemoTests.m in Sources */,
			);
			runOnlyForDeploymentPostprocessing = 0;
		};
		D72723F4205D83BB0071A59E /* Sources */ = {
			isa = PBXSourcesBuildPhase;
			buildActionMask = 2147483647;
			files = (
				D72723FD205D83BB0071A59E /* ABCPaitiDemoUITests.m in Sources */,
			);
			runOnlyForDeploymentPostprocessing = 0;
		};
/* End PBXSourcesBuildPhase section */

/* Begin PBXTargetDependency section */
		D72723EF205D83BB0071A59E /* PBXTargetDependency */ = {
			isa = PBXTargetDependency;
			target = D72723D4205D83BB0071A59E /* ABCPaitiDemo */;
			targetProxy = D72723EE205D83BB0071A59E /* PBXContainerItemProxy */;
		};
		D72723FA205D83BB0071A59E /* PBXTargetDependency */ = {
			isa = PBXTargetDependency;
			target = D72723D4205D83BB0071A59E /* ABCPaitiDemo */;
			targetProxy = D72723F9205D83BB0071A59E /* PBXContainerItemProxy */;
		};
/* End PBXTargetDependency section */

/* Begin PBXVariantGroup section */
		D72723DE205D83BB0071A59E /* Main.storyboard */ = {
			isa = PBXVariantGroup;
			children = (
				D72723DF205D83BB0071A59E /* Base */,
			);
			name = Main.storyboard;
			sourceTree = "<group>";
		};
		D72723E3205D83BB0071A59E /* LaunchScreen.storyboard */ = {
			isa = PBXVariantGroup;
			children = (
				D72723E4205D83BB0071A59E /* Base */,
			);
			name = LaunchScreen.storyboard;
			sourceTree = "<group>";
		};
/* End PBXVariantGroup section */

/* Begin XCBuildConfiguration section */
		D72723FF205D83BB0071A59E /* Debug */ = {
			isa = XCBuildConfiguration;
			buildSettings = {
				ALWAYS_SEARCH_USER_PATHS = NO;
				CLANG_ANALYZER_NONNULL = YES;
				CLANG_ANALYZER_NUMBER_OBJECT_CONVERSION = YES_AGGRESSIVE;
				CLANG_CXX_LANGUAGE_STANDARD = "gnu++14";
				CLANG_CXX_LIBRARY = "libc++";
				CLANG_ENABLE_MODULES = YES;
				CLANG_ENABLE_OBJC_ARC = YES;
				CLANG_WARN_BLOCK_CAPTURE_AUTORELEASING = YES;
				CLANG_WARN_BOOL_CONVERSION = YES;
				CLANG_WARN_COMMA = YES;
				CLANG_WARN_CONSTANT_CONVERSION = YES;
				CLANG_WARN_DIRECT_OBJC_ISA_USAGE = YES_ERROR;
				CLANG_WARN_DOCUMENTATION_COMMENTS = YES;
				CLANG_WARN_EMPTY_BODY = YES;
				CLANG_WARN_ENUM_CONVERSION = YES;
				CLANG_WARN_INFINITE_RECURSION = YES;
				CLANG_WARN_INT_CONVERSION = YES;
				CLANG_WARN_NON_LITERAL_NULL_CONVERSION = YES;
				CLANG_WARN_OBJC_LITERAL_CONVERSION = YES;
				CLANG_WARN_OBJC_ROOT_CLASS = YES_ERROR;
				CLANG_WARN_RANGE_LOOP_ANALYSIS = YES;
				CLANG_WARN_STRICT_PROTOTYPES = YES;
				CLANG_WARN_SUSPICIOUS_MOVE = YES;
				CLANG_WARN_UNGUARDED_AVAILABILITY = YES_AGGRESSIVE;
				CLANG_WARN_UNREACHABLE_CODE = YES;
				CLANG_WARN__DUPLICATE_METHOD_MATCH = YES;
				CODE_SIGN_IDENTITY = "iPhone Developer";
				COPY_PHASE_STRIP = NO;
				DEBUG_INFORMATION_FORMAT = dwarf;
				ENABLE_STRICT_OBJC_MSGSEND = YES;
				ENABLE_TESTABILITY = YES;
				GCC_C_LANGUAGE_STANDARD = gnu11;
				GCC_DYNAMIC_NO_PIC = NO;
				GCC_NO_COMMON_BLOCKS = YES;
				GCC_OPTIMIZATION_LEVEL = 0;
				GCC_PREPROCESSOR_DEFINITIONS = (
					"DEBUG=1",
					"$(inherited)",
				);
				GCC_WARN_64_TO_32_BIT_CONVERSION = YES;
				GCC_WARN_ABOUT_RETURN_TYPE = YES_ERROR;
				GCC_WARN_UNDECLARED_SELECTOR = YES;
				GCC_WARN_UNINITIALIZED_AUTOS = YES_AGGRESSIVE;
				GCC_WARN_UNUSED_FUNCTION = YES;
				GCC_WARN_UNUSED_VARIABLE = YES;
				IPHONEOS_DEPLOYMENT_TARGET = 11.2;
				MTL_ENABLE_DEBUG_INFO = YES;
				ONLY_ACTIVE_ARCH = YES;
				SDKROOT = iphoneos;
			};
			name = Debug;
		};
		D7272400205D83BB0071A59E /* Release */ = {
			isa = XCBuildConfiguration;
			buildSettings = {
				ALWAYS_SEARCH_USER_PATHS = NO;
				CLANG_ANALYZER_NONNULL = YES;
				CLANG_ANALYZER_NUMBER_OBJECT_CONVERSION = YES_AGGRESSIVE;
				CLANG_CXX_LANGUAGE_STANDARD = "gnu++14";
				CLANG_CXX_LIBRARY = "libc++";
				CLANG_ENABLE_MODULES = YES;
				CLANG_ENABLE_OBJC_ARC = YES;
				CLANG_WARN_BLOCK_CAPTURE_AUTORELEASING = YES;
				CLANG_WARN_BOOL_CONVERSION = YES;
				CLANG_WARN_COMMA = YES;
				CLANG_WARN_CONSTANT_CONVERSION = YES;
				CLANG_WARN_DIRECT_OBJC_ISA_USAGE = YES_ERROR;
				CLANG_WARN_DOCUMENTATION_COMMENTS = YES;
				CLANG_WARN_EMPTY_BODY = YES;
				CLANG_WARN_ENUM_CONVERSION = YES;
				CLANG_WARN_INFINITE_RECURSION = YES;
				CLANG_WARN_INT_CONVERSION = YES;
				CLANG_WARN_NON_LITERAL_NULL_CONVERSION = YES;
				CLANG_WARN_OBJC_LITERAL_CONVERSION = YES;
				CLANG_WARN_OBJC_ROOT_CLASS = YES_ERROR;
				CLANG_WARN_RANGE_LOOP_ANALYSIS = YES;
				CLANG_WARN_STRICT_PROTOTYPES = YES;
				CLANG_WARN_SUSPICIOUS_MOVE = YES;
				CLANG_WARN_UNGUARDED_AVAILABILITY = YES_AGGRESSIVE;
				CLANG_WARN_UNREACHABLE_CODE = YES;
				CLANG_WARN__DUPLICATE_METHOD_MATCH = YES;
				CODE_SIGN_IDENTITY = "iPhone Developer";
				COPY_PHASE_STRIP = NO;
				DEBUG_INFORMATION_FORMAT = "dwarf-with-dsym";
				ENABLE_NS_ASSERTIONS = NO;
				ENABLE_STRICT_OBJC_MSGSEND = YES;
				GCC_C_LANGUAGE_STANDARD = gnu11;
				GCC_NO_COMMON_BLOCKS = YES;
				GCC_WARN_64_TO_32_BIT_CONVERSION = YES;
				GCC_WARN_ABOUT_RETURN_TYPE = YES_ERROR;
				GCC_WARN_UNDECLARED_SELECTOR = YES;
				GCC_WARN_UNINITIALIZED_AUTOS = YES_AGGRESSIVE;
				GCC_WARN_UNUSED_FUNCTION = YES;
				GCC_WARN_UNUSED_VARIABLE = YES;
				IPHONEOS_DEPLOYMENT_TARGET = 11.2;
				MTL_ENABLE_DEBUG_INFO = NO;
				SDKROOT = iphoneos;
				VALIDATE_PRODUCT = YES;
			};
			name = Release;
		};
		D7272402205D83BB0071A59E /* Debug */ = {
			isa = XCBuildConfiguration;
			baseConfigurationReference = C60B61292F7CDE00E40A51AA /* Pods-ABCPaitiDemo.debug.xcconfig */;
			buildSettings = {
				ASSETCATALOG_COMPILER_APPICON_NAME = AppIcon;
				CODE_SIGN_IDENTITY = "iPhone Developer";
				CODE_SIGN_STYLE = Manual;
				DEVELOPMENT_TEAM = XYH562EV4N;
				ENABLE_BITCODE = NO;
				GCC_PREFIX_HEADER = "$(SRCROOT)/ABCPaitiDemo/ABCPaitiDemo-Prefix.pch";
				INFOPLIST_FILE = ABCPaitiDemo/Info.plist;
				LD_RUNPATH_SEARCH_PATHS = "$(inherited) @executable_path/Frameworks";
				PRODUCT_BUNDLE_IDENTIFIER = com.abcpen.paitidemo;
				PRODUCT_NAME = "$(TARGET_NAME)";
				PROVISIONING_PROFILE = "06761f26-04e8-4093-af83-c4984b20f191";
				PROVISIONING_PROFILE_SPECIFIER = Wildcard;
				TARGETED_DEVICE_FAMILY = "1,2";
			};
			name = Debug;
		};
		D7272403205D83BB0071A59E /* Release */ = {
			isa = XCBuildConfiguration;
			baseConfigurationReference = 5847B4ADEE445319346EEEE2 /* Pods-ABCPaitiDemo.release.xcconfig */;
			buildSettings = {
				ASSETCATALOG_COMPILER_APPICON_NAME = AppIcon;
				CODE_SIGN_IDENTITY = "iPhone Distribution";
				CODE_SIGN_STYLE = Manual;
				DEVELOPMENT_TEAM = KUU857G93Q;
				ENABLE_BITCODE = NO;
				GCC_PREFIX_HEADER = "$(SRCROOT)/ABCPaitiDemo/ABCPaitiDemo-Prefix.pch";
				INFOPLIST_FILE = ABCPaitiDemo/Info.plist;
				LD_RUNPATH_SEARCH_PATHS = "$(inherited) @executable_path/Frameworks";
				PRODUCT_BUNDLE_IDENTIFIER = com.abcpen.paitidemo;
				PRODUCT_NAME = "$(TARGET_NAME)";
				PROVISIONING_PROFILE = "58ea1a11-3239-453a-a47c-4d17f466c616";
				PROVISIONING_PROFILE_SPECIFIER = enterprise_wildcard;
				TARGETED_DEVICE_FAMILY = "1,2";
			};
			name = Release;
		};
		D7272405205D83BB0071A59E /* Debug */ = {
			isa = XCBuildConfiguration;
			buildSettings = {
				BUNDLE_LOADER = "$(TEST_HOST)";
				CODE_SIGN_STYLE = Automatic;
				DEVELOPMENT_TEAM = XYH562EV4N;
				INFOPLIST_FILE = ABCPaitiDemoTests/Info.plist;
				LD_RUNPATH_SEARCH_PATHS = "$(inherited) @executable_path/Frameworks @loader_path/Frameworks";
				PRODUCT_BUNDLE_IDENTIFIER = com.abcpen.paiti.ABCPaitiDemoTests;
				PRODUCT_NAME = "$(TARGET_NAME)";
				TARGETED_DEVICE_FAMILY = "1,2";
				TEST_HOST = "$(BUILT_PRODUCTS_DIR)/ABCPaitiDemo.app/ABCPaitiDemo";
			};
			name = Debug;
		};
		D7272406205D83BB0071A59E /* Release */ = {
			isa = XCBuildConfiguration;
			buildSettings = {
				BUNDLE_LOADER = "$(TEST_HOST)";
				CODE_SIGN_STYLE = Automatic;
				DEVELOPMENT_TEAM = XYH562EV4N;
				INFOPLIST_FILE = ABCPaitiDemoTests/Info.plist;
				LD_RUNPATH_SEARCH_PATHS = "$(inherited) @executable_path/Frameworks @loader_path/Frameworks";
				PRODUCT_BUNDLE_IDENTIFIER = com.abcpen.paiti.ABCPaitiDemoTests;
				PRODUCT_NAME = "$(TARGET_NAME)";
				TARGETED_DEVICE_FAMILY = "1,2";
				TEST_HOST = "$(BUILT_PRODUCTS_DIR)/ABCPaitiDemo.app/ABCPaitiDemo";
			};
			name = Release;
		};
		D7272408205D83BB0071A59E /* Debug */ = {
			isa = XCBuildConfiguration;
			buildSettings = {
				CODE_SIGN_STYLE = Automatic;
				DEVELOPMENT_TEAM = XYH562EV4N;
				INFOPLIST_FILE = ABCPaitiDemoUITests/Info.plist;
				LD_RUNPATH_SEARCH_PATHS = "$(inherited) @executable_path/Frameworks @loader_path/Frameworks";
				PRODUCT_BUNDLE_IDENTIFIER = com.abcpen.paiti.ABCPaitiDemoUITests;
				PRODUCT_NAME = "$(TARGET_NAME)";
				TARGETED_DEVICE_FAMILY = "1,2";
				TEST_TARGET_NAME = ABCPaitiDemo;
			};
			name = Debug;
		};
		D7272409205D83BB0071A59E /* Release */ = {
			isa = XCBuildConfiguration;
			buildSettings = {
				CODE_SIGN_STYLE = Automatic;
				DEVELOPMENT_TEAM = XYH562EV4N;
				INFOPLIST_FILE = ABCPaitiDemoUITests/Info.plist;
				LD_RUNPATH_SEARCH_PATHS = "$(inherited) @executable_path/Frameworks @loader_path/Frameworks";
				PRODUCT_BUNDLE_IDENTIFIER = com.abcpen.paiti.ABCPaitiDemoUITests;
				PRODUCT_NAME = "$(TARGET_NAME)";
				TARGETED_DEVICE_FAMILY = "1,2";
				TEST_TARGET_NAME = ABCPaitiDemo;
			};
			name = Release;
		};
/* End XCBuildConfiguration section */

/* Begin XCConfigurationList section */
		D72723D0205D83BB0071A59E /* Build configuration list for PBXProject "ABCPaitiDemo" */ = {
			isa = XCConfigurationList;
			buildConfigurations = (
				D72723FF205D83BB0071A59E /* Debug */,
				D7272400205D83BB0071A59E /* Release */,
			);
			defaultConfigurationIsVisible = 0;
			defaultConfigurationName = Release;
		};
		D7272401205D83BB0071A59E /* Build configuration list for PBXNativeTarget "ABCPaitiDemo" */ = {
			isa = XCConfigurationList;
			buildConfigurations = (
				D7272402205D83BB0071A59E /* Debug */,
				D7272403205D83BB0071A59E /* Release */,
			);
			defaultConfigurationIsVisible = 0;
			defaultConfigurationName = Release;
		};
		D7272404205D83BB0071A59E /* Build configuration list for PBXNativeTarget "ABCPaitiDemoTests" */ = {
			isa = XCConfigurationList;
			buildConfigurations = (
				D7272405205D83BB0071A59E /* Debug */,
				D7272406205D83BB0071A59E /* Release */,
			);
			defaultConfigurationIsVisible = 0;
			defaultConfigurationName = Release;
		};
		D7272407205D83BB0071A59E /* Build configuration list for PBXNativeTarget "ABCPaitiDemoUITests" */ = {
			isa = XCConfigurationList;
			buildConfigurations = (
				D7272408205D83BB0071A59E /* Debug */,
				D7272409205D83BB0071A59E /* Release */,
			);
			defaultConfigurationIsVisible = 0;
			defaultConfigurationName = Release;
		};
/* End XCConfigurationList section */
	};
	rootObject = D72723CD205D83BB0071A59E /* Project object */;
}
